
Microsoft Visual Studio Solution File, Format Version 12.00
Project("{FAE04EC0-301F-11D3-BF4B-00C04F79EFBC}") = "ExampleApp", "ExampleApp\ExampleApp.csproj", "{DF3AD01C-5F0F-4B15-9A61-37584F624A0D}"
EndProject
Project("{FAE04EC0-301F-11D3-BF4B-00C04F79EFBC}") = "GradientTheme", "GradientTheme\GradientTheme.csproj", "{EA973924-B5DF-41FC-ADAF-41A119E6DF21}"
EndProject
Global
	GlobalSection(SolutionConfigurationPlatforms) = preSolution
		Debug|Any CPU = Debug|Any CPU
		Release|Any CPU = Release|Any CPU
	EndGlobalSection
	GlobalSection(ProjectConfigurationPlatforms) = postSolution
		{DF3AD01C-5F0F-4B15-9A61-37584F624A0D}.Debug|Any CPU.ActiveCfg = Debug|Any CPU
		{DF3AD01C-5F0F-4B15-9A61-37584F624A0D}.Debug|Any CPU.Build.0 = Debug|Any CPU
		{DF3AD01C-5F0F-4B15-9A61-37584F624A0D}.Release|Any CPU.ActiveCfg = Release|Any CPU
		{DF3AD01C-5F0F-4B15-9A61-37584F624A0D}.Release|Any CPU.Build.0 = Release|Any CPU
		{EA973924-B5DF-41FC-ADAF-41A119E6DF21}.Debug|Any CPU.ActiveCfg = Debug|Any CPU
		{EA973924-B5DF-41FC-ADAF-41A119E6DF21}.Debug|Any CPU.Build.0 = Debug|Any CPU
		{EA973924-B5DF-41FC-ADAF-41A119E6DF21}.Release|Any CPU.ActiveCfg = Release|Any CPU
		{EA973924-B5DF-41FC-ADAF-41A119E6DF21}.Release|Any CPU.Build.0 = Release|Any CPU
	EndGlobalSection
EndGlobal
